
Microsoft Visual Studio Solution File, Format Version 12.00
# Visual Studio Version 16
VisualStudioVersion = 16.0.29209.152
MinimumVisualStudioVersion = 10.0.40219.1
Project("{FAE04EC0-301F-11D3-BF4B-00C04F79EFBC}") = "SymptomTracker", "SymptomTracker\SymptomTracker.csproj", "{43352EFD-5280-4066-BB44-BBAD63C9B654}"
EndProject
Global
	GlobalSection(SolutionConfigurationPlatforms) = preSolution
		Debug|Any CPU = Debug|Any CPU
		Release|Any CPU = Release|Any CPU
	EndGlobalSection
	GlobalSection(ProjectConfigurationPlatforms) = postSolution
		{43352EFD-5280-4066-BB44-BBAD63C9B654}.Debug|Any CPU.ActiveCfg = Debug|Any CPU
		{43352EFD-5280-4066-BB44-BBAD63C9B654}.Debug|Any CPU.Build.0 = Debug|Any CPU
		{43352EFD-5280-4066-BB44-BBAD63C9B654}.Release|Any CPU.ActiveCfg = Release|Any CPU
		{43352EFD-5280-4066-BB44-BBAD63C9B654}.Release|Any CPU.Build.0 = Release|Any CPU
	EndGlobalSection
	GlobalSection(SolutionProperties) = preSolution
		HideSolutionNode = FALSE
	EndGlobalSection
	GlobalSection(ExtensibilityGlobals) = postSolution
		SolutionGuid = {C2B2404C-47D8-4270-85EC-FAC1D181E6BC}
	EndGlobalSection
EndGlobal
